
Microsoft Visual Studio Solution File, Format Version 12.00
# Visual Studio Version 17
VisualStudioVersion = 17.1.32414.318
MinimumVisualStudioVersion = 10.0.40219.1
Project("{FAE04EC0-301F-11D3-BF4B-00C04F79EFBC}") = "Demo Arrays", "Demo Arrays.csproj", "{AE976E63-BF40-4BD5-B88C-7F1D0064970D}"
EndProject
Global
	GlobalSection(SolutionConfigurationPlatforms) = preSolution
		Debug|Any CPU = Debug|Any CPU
		Release|Any CPU = Release|Any CPU
	EndGlobalSection
	GlobalSection(ProjectConfigurationPlatforms) = postSolution
		{AE976E63-BF40-4BD5-B88C-7F1D0064970D}.Debug|Any CPU.ActiveCfg = Debug|Any CPU
		{AE976E63-BF40-4BD5-B88C-7F1D0064970D}.Debug|Any CPU.Build.0 = Debug|Any CPU
		{AE976E63-BF40-4BD5-B88C-7F1D0064970D}.Release|Any CPU.ActiveCfg = Release|Any CPU
		{AE976E63-BF40-4BD5-B88C-7F1D0064970D}.Release|Any CPU.Build.0 = Release|Any CPU
	EndGlobalSection
	GlobalSection(SolutionProperties) = preSolution
		HideSolutionNode = FALSE
	EndGlobalSection
	GlobalSection(ExtensibilityGlobals) = postSolution
		SolutionGuid = {53954677-17D8-46D1-BC01-702BEBE3D251}
	EndGlobalSection
EndGlobal
