
Microsoft Visual Studio Solution File, Format Version 12.00
# Visual Studio Version 17
VisualStudioVersion = 17.1.32414.318
MinimumVisualStudioVersion = 10.0.40219.1
Project("{FAE04EC0-301F-11D3-BF4B-00C04F79EFBC}") = "Demo ForLoops", "Demo ForLoops.csproj", "{51997283-5A6C-48CC-AF08-FDFF0F85D16E}"
EndProject
Global
	GlobalSection(SolutionConfigurationPlatforms) = preSolution
		Debug|Any CPU = Debug|Any CPU
		Release|Any CPU = Release|Any CPU
	EndGlobalSection
	GlobalSection(ProjectConfigurationPlatforms) = postSolution
		{51997283-5A6C-48CC-AF08-FDFF0F85D16E}.Debug|Any CPU.ActiveCfg = Debug|Any CPU
		{51997283-5A6C-48CC-AF08-FDFF0F85D16E}.Debug|Any CPU.Build.0 = Debug|Any CPU
		{51997283-5A6C-48CC-AF08-FDFF0F85D16E}.Release|Any CPU.ActiveCfg = Release|Any CPU
		{51997283-5A6C-48CC-AF08-FDFF0F85D16E}.Release|Any CPU.Build.0 = Release|Any CPU
	EndGlobalSection
	GlobalSection(SolutionProperties) = preSolution
		HideSolutionNode = FALSE
	EndGlobalSection
	GlobalSection(ExtensibilityGlobals) = postSolution
		SolutionGuid = {413AB90C-F8F8-4880-AB32-22510FBABB56}
	EndGlobalSection
EndGlobal
